Microsoft Visual Studio Solution File, Format Version 11.00
# Visual Studio 2008

Project("{CE14BFA3-1915-A442-39FC-ED663DAF52D4}") = "SceneV20-20160421 ( LOW Q)", "Assembly-CSharp-firstpass.csproj", "{BC9DED8C-FE9E-D23F-36BB-5718ABCC7BE8}"
EndProject
Project("{CE14BFA3-1915-A442-39FC-ED663DAF52D4}") = "SceneV20-20160421 ( LOW Q)", "Assembly-CSharp.csproj", "{79A570C2-7506-0D36-16C4-F3875DAB235F}"
EndProject
Project("{CE14BFA3-1915-A442-39FC-ED663DAF52D4}") = "SceneV20-20160421 ( LOW Q)", "Assembly-CSharp-Editor-firstpass.csproj", "{8F6F2F71-3288-AF20-1E17-60EBF1E0956D}"
EndProject
Project("{CE14BFA3-1915-A442-39FC-ED663DAF52D4}") = "SceneV20-20160421 ( LOW Q)", "Assembly-CSharp-Editor.csproj", "{F198EACF-C17C-BFE5-6273-BE2AF36F68F9}"
EndProject
Global
	GlobalSection(SolutionConfigurationPlatforms) = preSolution
		Debug|Any CPU = Debug|Any CPU
		Release|Any CPU = Release|Any CPU
	EndGlobalSection
	GlobalSection(ProjectConfigurationPlatforms) = postSolution
		{BC9DED8C-FE9E-D23F-36BB-5718ABCC7BE8}.Debug|Any CPU.ActiveCfg = Debug|Any CPU
		{BC9DED8C-FE9E-D23F-36BB-5718ABCC7BE8}.Debug|Any CPU.Build.0 = Debug|Any CPU
		{BC9DED8C-FE9E-D23F-36BB-5718ABCC7BE8}.Release|Any CPU.ActiveCfg = Release|Any CPU
		{BC9DED8C-FE9E-D23F-36BB-5718ABCC7BE8}.Release|Any CPU.Build.0 = Release|Any CPU
		{79A570C2-7506-0D36-16C4-F3875DAB235F}.Debug|Any CPU.ActiveCfg = Debug|Any CPU
		{79A570C2-7506-0D36-16C4-F3875DAB235F}.Debug|Any CPU.Build.0 = Debug|Any CPU
		{79A570C2-7506-0D36-16C4-F3875DAB235F}.Release|Any CPU.ActiveCfg = Release|Any CPU
		{79A570C2-7506-0D36-16C4-F3875DAB235F}.Release|Any CPU.Build.0 = Release|Any CPU
		{8F6F2F71-3288-AF20-1E17-60EBF1E0956D}.Debug|Any CPU.ActiveCfg = Debug|Any CPU
		{8F6F2F71-3288-AF20-1E17-60EBF1E0956D}.Debug|Any CPU.Build.0 = Debug|Any CPU
		{8F6F2F71-3288-AF20-1E17-60EBF1E0956D}.Release|Any CPU.ActiveCfg = Release|Any CPU
		{8F6F2F71-3288-AF20-1E17-60EBF1E0956D}.Release|Any CPU.Build.0 = Release|Any CPU
		{F198EACF-C17C-BFE5-6273-BE2AF36F68F9}.Debug|Any CPU.ActiveCfg = Debug|Any CPU
		{F198EACF-C17C-BFE5-6273-BE2AF36F68F9}.Debug|Any CPU.Build.0 = Debug|Any CPU
		{F198EACF-C17C-BFE5-6273-BE2AF36F68F9}.Release|Any CPU.ActiveCfg = Release|Any CPU
		{F198EACF-C17C-BFE5-6273-BE2AF36F68F9}.Release|Any CPU.Build.0 = Release|Any CPU
	EndGlobalSection
	GlobalSection(SolutionProperties) = preSolution
		HideSolutionNode = FALSE
	EndGlobalSection
																																								GlobalSection(MonoDevelopProperties) = preSolution
		StartupItem = Assembly-CSharp.csproj
		Policies = $0
		$0.TextStylePolicy = $1
		$1.inheritsSet = null
		$1.scope = text/x-csharp
		$0.CSharpFormattingPolicy = $2
		$2.inheritsSet = Mono
		$2.inheritsScope = text/x-csharp
		$2.scope = text/x-csharp
		$0.TextStylePolicy = $3
		$3.FileWidth = 120
		$3.TabWidth = 4
		$3.IndentWidth = 4
		$3.EolMarker = Unix
		$3.inheritsSet = Mono
		$3.inheritsScope = text/plain
		$3.scope = text/plain
	EndGlobalSection

EndGlobal
