Microsoft Visual Studio Solution File, Format Version 11.00
# Visual Studio 2008

Project("{714D0285-ADC7-D137-E7EB-3D8F4ED8195E}") = "SceneV15-20160410", "Assembly-CSharp-firstpass.csproj", "{0B53EE11-8503-9815-57FA-A36C718C5F4C}"
EndProject
Project("{714D0285-ADC7-D137-E7EB-3D8F4ED8195E}") = "SceneV15-20160410", "Assembly-CSharp.csproj", "{6B4FA5FF-5B74-0DA9-83FD-7C1879EA40A7}"
EndProject
Project("{714D0285-ADC7-D137-E7EB-3D8F4ED8195E}") = "SceneV15-20160410", "Assembly-CSharp-Editor-firstpass.csproj", "{875BB9F1-FF74-CF4E-88F2-B595CC2063EA}"
EndProject
Project("{714D0285-ADC7-D137-E7EB-3D8F4ED8195E}") = "SceneV15-20160410", "Assembly-CSharp-Editor.csproj", "{DEEA1117-D892-08CD-D207-F053DEBF83DA}"
EndProject
Project("{714D0285-ADC7-D137-E7EB-3D8F4ED8195E}") = "SceneV15-20160410", "Assembly-Boo.booproj", "{C59F7799-FA94-BCDA-69E2-204BD711AFDE}"
EndProject
Project("{714D0285-ADC7-D137-E7EB-3D8F4ED8195E}") = "SceneV15-20160410", "Assembly-UnityScript.unityproj", "{1BBD0B21-EB7E-699C-860D-E1BE23C6396E}"
EndProject
Global
	GlobalSection(SolutionConfigurationPlatforms) = preSolution
		Debug|Any CPU = Debug|Any CPU
		Release|Any CPU = Release|Any CPU
	EndGlobalSection
	GlobalSection(ProjectConfigurationPlatforms) = postSolution
		{0B53EE11-8503-9815-57FA-A36C718C5F4C}.Debug|Any CPU.ActiveCfg = Debug|Any CPU
		{0B53EE11-8503-9815-57FA-A36C718C5F4C}.Debug|Any CPU.Build.0 = Debug|Any CPU
		{0B53EE11-8503-9815-57FA-A36C718C5F4C}.Release|Any CPU.ActiveCfg = Release|Any CPU
		{0B53EE11-8503-9815-57FA-A36C718C5F4C}.Release|Any CPU.Build.0 = Release|Any CPU
		{6B4FA5FF-5B74-0DA9-83FD-7C1879EA40A7}.Debug|Any CPU.ActiveCfg = Debug|Any CPU
		{6B4FA5FF-5B74-0DA9-83FD-7C1879EA40A7}.Debug|Any CPU.Build.0 = Debug|Any CPU
		{6B4FA5FF-5B74-0DA9-83FD-7C1879EA40A7}.Release|Any CPU.ActiveCfg = Release|Any CPU
		{6B4FA5FF-5B74-0DA9-83FD-7C1879EA40A7}.Release|Any CPU.Build.0 = Release|Any CPU
		{875BB9F1-FF74-CF4E-88F2-B595CC2063EA}.Debug|Any CPU.ActiveCfg = Debug|Any CPU
		{875BB9F1-FF74-CF4E-88F2-B595CC2063EA}.Debug|Any CPU.Build.0 = Debug|Any CPU
		{875BB9F1-FF74-CF4E-88F2-B595CC2063EA}.Release|Any CPU.ActiveCfg = Release|Any CPU
		{875BB9F1-FF74-CF4E-88F2-B595CC2063EA}.Release|Any CPU.Build.0 = Release|Any CPU
		{DEEA1117-D892-08CD-D207-F053DEBF83DA}.Debug|Any CPU.ActiveCfg = Debug|Any CPU
		{DEEA1117-D892-08CD-D207-F053DEBF83DA}.Debug|Any CPU.Build.0 = Debug|Any CPU
		{DEEA1117-D892-08CD-D207-F053DEBF83DA}.Release|Any CPU.ActiveCfg = Release|Any CPU
		{DEEA1117-D892-08CD-D207-F053DEBF83DA}.Release|Any CPU.Build.0 = Release|Any CPU
		{C59F7799-FA94-BCDA-69E2-204BD711AFDE}.Debug|Any CPU.ActiveCfg = Debug|Any CPU
		{C59F7799-FA94-BCDA-69E2-204BD711AFDE}.Debug|Any CPU.Build.0 = Debug|Any CPU
		{C59F7799-FA94-BCDA-69E2-204BD711AFDE}.Release|Any CPU.ActiveCfg = Release|Any CPU
		{C59F7799-FA94-BCDA-69E2-204BD711AFDE}.Release|Any CPU.Build.0 = Release|Any CPU
		{1BBD0B21-EB7E-699C-860D-E1BE23C6396E}.Debug|Any CPU.ActiveCfg = Debug|Any CPU
		{1BBD0B21-EB7E-699C-860D-E1BE23C6396E}.Debug|Any CPU.Build.0 = Debug|Any CPU
		{1BBD0B21-EB7E-699C-860D-E1BE23C6396E}.Release|Any CPU.ActiveCfg = Release|Any CPU
		{1BBD0B21-EB7E-699C-860D-E1BE23C6396E}.Release|Any CPU.Build.0 = Release|Any CPU
	EndGlobalSection
	GlobalSection(SolutionProperties) = preSolution
		HideSolutionNode = FALSE
	EndGlobalSection
			GlobalSection(MonoDevelopProperties) = preSolution
		StartupItem = Assembly-CSharp.csproj
		Policies = $0
		$0.TextStylePolicy = $1
		$1.inheritsSet = null
		$1.scope = text/x-csharp
		$0.CSharpFormattingPolicy = $2
		$2.inheritsSet = Mono
		$2.inheritsScope = text/x-csharp
		$2.scope = text/x-csharp
		$0.TextStylePolicy = $3
		$3.FileWidth = 120
		$3.TabWidth = 4
		$3.IndentWidth = 4
		$3.EolMarker = Unix
		$3.inheritsSet = Mono
		$3.inheritsScope = text/plain
		$3.scope = text/plain
	EndGlobalSection

EndGlobal
