Microsoft Visual Studio Solution File, Format Version 11.00
# Visual Studio 2008

Project("{5566E4E4-0165-21F9-DF4A-5BD7B87F6E72}") = "SceneV15-20160410(For Developing)", "Assembly-CSharp-firstpass.csproj", "{36A0FCE6-8735-73A4-728E-993E23636787}"
EndProject
Project("{5566E4E4-0165-21F9-DF4A-5BD7B87F6E72}") = "SceneV15-20160410(For Developing)", "Assembly-CSharp.csproj", "{D14BB500-45BA-77EA-2F5A-B4CCCECEFFB6}"
EndProject
Project("{5566E4E4-0165-21F9-DF4A-5BD7B87F6E72}") = "SceneV15-20160410(For Developing)", "Assembly-CSharp-Editor-firstpass.csproj", "{4D71386C-2F3A-208C-21A5-AB629B6A1E3E}"
EndProject
Project("{5566E4E4-0165-21F9-DF4A-5BD7B87F6E72}") = "SceneV15-20160410(For Developing)", "Assembly-CSharp-Editor.csproj", "{8476ACE5-F79D-E484-0832-54FF38A7E019}"
EndProject
Project("{5566E4E4-0165-21F9-DF4A-5BD7B87F6E72}") = "SceneV15-20160410(For Developing)", "Assembly-Boo.booproj", "{B2889E61-BD5E-CED5-5507-DC5FCCE94822}"
EndProject
Project("{5566E4E4-0165-21F9-DF4A-5BD7B87F6E72}") = "SceneV15-20160410(For Developing)", "Assembly-UnityScript.unityproj", "{D81AE6C1-24E1-9C5D-CA77-FCB2036C08B7}"
EndProject
Global
	GlobalSection(SolutionConfigurationPlatforms) = preSolution
		Debug|Any CPU = Debug|Any CPU
		Release|Any CPU = Release|Any CPU
	EndGlobalSection
	GlobalSection(ProjectConfigurationPlatforms) = postSolution
		{36A0FCE6-8735-73A4-728E-993E23636787}.Debug|Any CPU.ActiveCfg = Debug|Any CPU
		{36A0FCE6-8735-73A4-728E-993E23636787}.Debug|Any CPU.Build.0 = Debug|Any CPU
		{36A0FCE6-8735-73A4-728E-993E23636787}.Release|Any CPU.ActiveCfg = Release|Any CPU
		{36A0FCE6-8735-73A4-728E-993E23636787}.Release|Any CPU.Build.0 = Release|Any CPU
		{D14BB500-45BA-77EA-2F5A-B4CCCECEFFB6}.Debug|Any CPU.ActiveCfg = Debug|Any CPU
		{D14BB500-45BA-77EA-2F5A-B4CCCECEFFB6}.Debug|Any CPU.Build.0 = Debug|Any CPU
		{D14BB500-45BA-77EA-2F5A-B4CCCECEFFB6}.Release|Any CPU.ActiveCfg = Release|Any CPU
		{D14BB500-45BA-77EA-2F5A-B4CCCECEFFB6}.Release|Any CPU.Build.0 = Release|Any CPU
		{4D71386C-2F3A-208C-21A5-AB629B6A1E3E}.Debug|Any CPU.ActiveCfg = Debug|Any CPU
		{4D71386C-2F3A-208C-21A5-AB629B6A1E3E}.Debug|Any CPU.Build.0 = Debug|Any CPU
		{4D71386C-2F3A-208C-21A5-AB629B6A1E3E}.Release|Any CPU.ActiveCfg = Release|Any CPU
		{4D71386C-2F3A-208C-21A5-AB629B6A1E3E}.Release|Any CPU.Build.0 = Release|Any CPU
		{8476ACE5-F79D-E484-0832-54FF38A7E019}.Debug|Any CPU.ActiveCfg = Debug|Any CPU
		{8476ACE5-F79D-E484-0832-54FF38A7E019}.Debug|Any CPU.Build.0 = Debug|Any CPU
		{8476ACE5-F79D-E484-0832-54FF38A7E019}.Release|Any CPU.ActiveCfg = Release|Any CPU
		{8476ACE5-F79D-E484-0832-54FF38A7E019}.Release|Any CPU.Build.0 = Release|Any CPU
		{B2889E61-BD5E-CED5-5507-DC5FCCE94822}.Debug|Any CPU.ActiveCfg = Debug|Any CPU
		{B2889E61-BD5E-CED5-5507-DC5FCCE94822}.Debug|Any CPU.Build.0 = Debug|Any CPU
		{B2889E61-BD5E-CED5-5507-DC5FCCE94822}.Release|Any CPU.ActiveCfg = Release|Any CPU
		{B2889E61-BD5E-CED5-5507-DC5FCCE94822}.Release|Any CPU.Build.0 = Release|Any CPU
		{D81AE6C1-24E1-9C5D-CA77-FCB2036C08B7}.Debug|Any CPU.ActiveCfg = Debug|Any CPU
		{D81AE6C1-24E1-9C5D-CA77-FCB2036C08B7}.Debug|Any CPU.Build.0 = Debug|Any CPU
		{D81AE6C1-24E1-9C5D-CA77-FCB2036C08B7}.Release|Any CPU.ActiveCfg = Release|Any CPU
		{D81AE6C1-24E1-9C5D-CA77-FCB2036C08B7}.Release|Any CPU.Build.0 = Release|Any CPU
	EndGlobalSection
	GlobalSection(SolutionProperties) = preSolution
		HideSolutionNode = FALSE
	EndGlobalSection
																					GlobalSection(MonoDevelopProperties) = preSolution
		StartupItem = Assembly-CSharp.csproj
		Policies = $0
		$0.TextStylePolicy = $1
		$1.inheritsSet = null
		$1.scope = text/x-csharp
		$0.CSharpFormattingPolicy = $2
		$2.inheritsSet = Mono
		$2.inheritsScope = text/x-csharp
		$2.scope = text/x-csharp
		$0.TextStylePolicy = $3
		$3.FileWidth = 120
		$3.TabWidth = 4
		$3.IndentWidth = 4
		$3.EolMarker = Unix
		$3.inheritsSet = Mono
		$3.inheritsScope = text/plain
		$3.scope = text/plain
	EndGlobalSection

EndGlobal
